{
  "requires": true,
  "lockfileVersion": 1,
  "dependencies": {
    "xstate": {
      "version": "4.37.1",
      "resolved": "https://registry.npmjs.org/xstate/-/xstate-4.37.1.tgz",
      "integrity": "sha512-MuB7s01nV5vG2CzaBg2msXLGz7JuS+x/NBkQuZAwgEYCnWA8iQMiRz2VGxD3pcFjZAOih3fOgDD3kDaFInEx+g=="
    }
  }
}
